github.com/outblocks/outblocks-plugin-go v0.0.0-20210722172243-99b1cdb63052 h1:zhUfN0jWTn+Avl/TidZ53KsrniQZXPPNc99bwqY9jEo=
github.com/outblocks/outblocks-plugin-go v0.0.0-20210722172243-99b1cdb63052/go.mod h1:vAn4Vv7fXTyrjNEvAVcKtKJ2Bwaqk3Oy63lqnBRIct4=
golang.org/x/sync v0.0.0-20210220032951-036812b2e83c/go.mod h1:RxMgew5VJxzue5/jJTE5uejpjVlOe/izrB70Jof72aM=
